// !$*UTF8*$!
{
	archiveVersion = 1;
	classes = {
	};
	objectVersion = 46;
	objects = {

/* Begin PBXBuildFile section */
		B154ACFED8BCF0BEA349E3D2 /* libPods.a in Frameworks */ = {isa = PBXBuildFile; fileRef = 917702E02903E4D28FD22425 /* libPods.a */; };
		B8125B6C1CEEF0ED00B12116 /* UIView+Corner.m in Sources */ = {isa = PBXBuildFile; fileRef = B8125B6B1CEEF0ED00B12116 /* UIView+Corner.m */; };
		B8125B711CEF46FE00B12116 /* LoginViewController.m in Sources */ = {isa = PBXBuildFile; fileRef = B8125B701CEF46FE00B12116 /* LoginViewController.m */; };
		B8125B751CEF4B9500B12116 /* RegisterViewController.m in Sources */ = {isa = PBXBuildFile; fileRef = B8125B741CEF4B9500B12116 /* RegisterViewController.m */; };
		B81D53FF1CED66600023061A /* AFNetworkingHelper.m in Sources */ = {isa = PBXBuildFile; fileRef = B81D53FE1CED66600023061A /* AFNetworkingHelper.m */; };
		B81D54451CED95FA0023061A /* User.m in Sources */ = {isa = PBXBuildFile; fileRef = B81D54441CED95FA0023061A /* User.m */; };
		B83CEA471CF187C400651B32 /* VerifyHelper.m in Sources */ = {isa = PBXBuildFile; fileRef = B83CEA461CF187C400651B32 /* VerifyHelper.m */; };
		B83CEA4A1CF19FC700651B32 /* UIHelper.m in Sources */ = {isa = PBXBuildFile; fileRef = B83CEA491CF19FC700651B32 /* UIHelper.m */; };
		B83CEA4D1CF1A31F00651B32 /* UIColor+Int.m in Sources */ = {isa = PBXBuildFile; fileRef = B83CEA4C1CF1A31F00651B32 /* UIColor+Int.m */; };
		B88C04261D05BAC10078D82B /* EditViewController.m in Sources */ = {isa = PBXBuildFile; fileRef = B88C04251D05BAC10078D82B /* EditViewController.m */; };
		B8938B091CEC61E800364D78 /* UIViewController+Base.m in Sources */ = {isa = PBXBuildFile; fileRef = B8938B081CEC61E800364D78 /* UIViewController+Base.m */; };
		B8938B0F1CEC941200364D78 /* Bucket.m in Sources */ = {isa = PBXBuildFile; fileRef = B8938B0E1CEC941200364D78 /* Bucket.m */; };
		B8938B141CEC9ADB00364D78 /* NavigationHelper.m in Sources */ = {isa = PBXBuildFile; fileRef = B8938B131CEC9ADB00364D78 /* NavigationHelper.m */; };
		B8938B181CECA35D00364D78 /* UINavigationController+Passable.m in Sources */ = {isa = PBXBuildFile; fileRef = B8938B171CECA35D00364D78 /* UINavigationController+Passable.m */; };
		B89E6DBB1CF9651C00DFD216 /* PersonalViewController.m in Sources */ = {isa = PBXBuildFile; fileRef = B89E6DBA1CF9651C00DFD216 /* PersonalViewController.m */; };
		B89E6DBE1CF9741000DFD216 /* UserInfo.m in Sources */ = {isa = PBXBuildFile; fileRef = B89E6DBD1CF9741000DFD216 /* UserInfo.m */; };
		B89E6DC11CF97A0F00DFD216 /* ConversionHelper.m in Sources */ = {isa = PBXBuildFile; fileRef = B89E6DC01CF97A0F00DFD216 /* ConversionHelper.m */; };
		B8A6157B1CEB3D2700AA6AB6 /* main.m in Sources */ = {isa = PBXBuildFile; fileRef = B8A6157A1CEB3D2700AA6AB6 /* main.m */; };
		B8A6157E1CEB3D2700AA6AB6 /* AppDelegate.m in Sources */ = {isa = PBXBuildFile; fileRef = B8A6157D1CEB3D2700AA6AB6 /* AppDelegate.m */; };
		B8A615841CEB3D2700AA6AB6 /* Main.storyboard in Resources */ = {isa = PBXBuildFile; fileRef = B8A615821CEB3D2700AA6AB6 /* Main.storyboard */; };
		B8A615871CEB3D2700AA6AB6 /* JFMatchmaking.xcdatamodeld in Sources */ = {isa = PBXBuildFile; fileRef = B8A615851CEB3D2700AA6AB6 /* JFMatchmaking.xcdatamodeld */; };
		B8A615891CEB3D2700AA6AB6 /* Assets.xcassets in Resources */ = {isa = PBXBuildFile; fileRef = B8A615881CEB3D2700AA6AB6 /* Assets.xcassets */; };
		B8A6158C1CEB3D2700AA6AB6 /* LaunchScreen.storyboard in Resources */ = {isa = PBXBuildFile; fileRef = B8A6158A1CEB3D2700AA6AB6 /* LaunchScreen.storyboard */; };
		B8A615971CEB3D2700AA6AB6 /* JFMatchmakingTests.m in Sources */ = {isa = PBXBuildFile; fileRef = B8A615961CEB3D2700AA6AB6 /* JFMatchmakingTests.m */; };
		B8A615A21CEB3D2700AA6AB6 /* JFMatchmakingUITests.m in Sources */ = {isa = PBXBuildFile; fileRef = B8A615A11CEB3D2700AA6AB6 /* JFMatchmakingUITests.m */; };
		B8A615B41CEB4CB800AA6AB6 /* SlideMenuController.m in Sources */ = {isa = PBXBuildFile; fileRef = B8A615B31CEB4CB800AA6AB6 /* SlideMenuController.m */; };
		B8A615BB1CEB4D5600AA6AB6 /* UserViewController.m in Sources */ = {isa = PBXBuildFile; fileRef = B8A615BA1CEB4D5600AA6AB6 /* UserViewController.m */; };
		B8A615BF1CEB4D9500AA6AB6 /* HomeViewController.m in Sources */ = {isa = PBXBuildFile; fileRef = B8A615BE1CEB4D9500AA6AB6 /* HomeViewController.m */; };
/* End PBXBuildFile section */

/* Begin PBXContainerItemProxy section */
		B8A615931CEB3D2700AA6AB6 /* PBXContainerItemProxy */ = {
			isa = PBXContainerItemProxy;
			containerPortal = B8A6156E1CEB3D2700AA6AB6 /* Project object */;
			proxyType = 1;
			remoteGlobalIDString = B8A615751CEB3D2700AA6AB6;
			remoteInfo = JFMatchmaking;
		};
		B8A6159E1CEB3D2700AA6AB6 /* PBXContainerItemProxy */ = {
			isa = PBXContainerItemProxy;
			containerPortal = B8A6156E1CEB3D2700AA6AB6 /* Project object */;
			proxyType = 1;
			remoteGlobalIDString = B8A615751CEB3D2700AA6AB6;
			remoteInfo = JFMatchmaking;
		};
/* End PBXContainerItemProxy section */

/* Begin PBXFileReference section */
		42EF440544D838E8C03A6D8E /* Pods.debug.xcconfig */ = {isa = PBXFileReference; includeInIndex = 1; lastKnownFileType = text.xcconfig; name = Pods.debug.xcconfig; path = "Pods/Target Support Files/Pods/Pods.debug.xcconfig"; sourceTree = "<group>"; };
		917702E02903E4D28FD22425 /* libPods.a */ = {isa = PBXFileReference; explicitFileType = archive.ar; includeInIndex = 0; path = libPods.a; sourceTree = BUILT_PRODUCTS_DIR; };
		934995AE00BDC9693A11886F /* Pods.release.xcconfig */ = {isa = PBXFileReference; includeInIndex = 1; lastKnownFileType = text.xcconfig; name = Pods.release.xcconfig; path = "Pods/Target Support Files/Pods/Pods.release.xcconfig"; sourceTree = "<group>"; };
		B8125B6A1CEEF0ED00B12116 /* UIView+Corner.h */ = {isa = PBXFileReference; fileEncoding = 4; lastKnownFileType = sourcecode.c.h; path = "UIView+Corner.h"; sourceTree = "<group>"; };
		B8125B6B1CEEF0ED00B12116 /* UIView+Corner.m */ = {isa = PBXFileReference; fileEncoding = 4; lastKnownFileType = sourcecode.c.objc; path = "UIView+Corner.m"; sourceTree = "<group>"; };
		B8125B6F1CEF46FE00B12116 /* LoginViewController.h */ = {isa = PBXFileReference; fileEncoding = 4; lastKnownFileType = sourcecode.c.h; path = LoginViewController.h; sourceTree = "<group>"; };
		B8125B701CEF46FE00B12116 /* LoginViewController.m */ = {isa = PBXFileReference; fileEncoding = 4; lastKnownFileType = sourcecode.c.objc; path = LoginViewController.m; sourceTree = "<group>"; };
		B8125B731CEF4B9500B12116 /* RegisterViewController.h */ = {isa = PBXFileReference; fileEncoding = 4; lastKnownFileType = sourcecode.c.h; path = RegisterViewController.h; sourceTree = "<group>"; };
		B8125B741CEF4B9500B12116 /* RegisterViewController.m */ = {isa = PBXFileReference; fileEncoding = 4; lastKnownFileType = sourcecode.c.objc; path = RegisterViewController.m; sourceTree = "<group>"; };
		B81D53FD1CED66600023061A /* AFNetworkingHelper.h */ = {isa = PBXFileReference; fileEncoding = 4; lastKnownFileType = sourcecode.c.h; path = AFNetworkingHelper.h; sourceTree = "<group>"; };
		B81D53FE1CED66600023061A /* AFNetworkingHelper.m */ = {isa = PBXFileReference; fileEncoding = 4; lastKnownFileType = sourcecode.c.objc; path = AFNetworkingHelper.m; sourceTree = "<group>"; };
		B81D54001CED66C10023061A /* URLMacor.h */ = {isa = PBXFileReference; lastKnownFileType = sourcecode.c.h; path = URLMacor.h; sourceTree = "<group>"; };
		B81D54431CED95FA0023061A /* User.h */ = {isa = PBXFileReference; fileEncoding = 4; lastKnownFileType = sourcecode.c.h; path = User.h; sourceTree = "<group>"; };
		B81D54441CED95FA0023061A /* User.m */ = {isa = PBXFileReference; fileEncoding = 4; lastKnownFileType = sourcecode.c.objc; path = User.m; sourceTree = "<group>"; };
		B83CEA451CF187C400651B32 /* VerifyHelper.h */ = {isa = PBXFileReference; fileEncoding = 4; lastKnownFileType = sourcecode.c.h; path = VerifyHelper.h; sourceTree = "<group>"; };
		B83CEA461CF187C400651B32 /* VerifyHelper.m */ = {isa = PBXFileReference; fileEncoding = 4; lastKnownFileType = sourcecode.c.objc; path = VerifyHelper.m; sourceTree = "<group>"; };
		B83CEA481CF19FC700651B32 /* UIHelper.h */ = {isa = PBXFileReference; fileEncoding = 4; lastKnownFileType = sourcecode.c.h; path = UIHelper.h; sourceTree = "<group>"; };
		B83CEA491CF19FC700651B32 /* UIHelper.m */ = {isa = PBXFileReference; fileEncoding = 4; lastKnownFileType = sourcecode.c.objc; path = UIHelper.m; sourceTree = "<group>"; };
		B83CEA4B1CF1A31F00651B32 /* UIColor+Int.h */ = {isa = PBXFileReference; fileEncoding = 4; lastKnownFileType = sourcecode.c.h; path = "UIColor+Int.h"; sourceTree = "<group>"; };
		B83CEA4C1CF1A31F00651B32 /* UIColor+Int.m */ = {isa = PBXFileReference; fileEncoding = 4; lastKnownFileType = sourcecode.c.objc; path = "UIColor+Int.m"; sourceTree = "<group>"; };
		B88C04241D05BAC10078D82B /* EditViewController.h */ = {isa = PBXFileReference; fileEncoding = 4; lastKnownFileType = sourcecode.c.h; path = EditViewController.h; sourceTree = "<group>"; };
		B88C04251D05BAC10078D82B /* EditViewController.m */ = {isa = PBXFileReference; fileEncoding = 4; lastKnownFileType = sourcecode.c.objc; path = EditViewController.m; sourceTree = "<group>"; };
		B8938B071CEC61E800364D78 /* UIViewController+Base.h */ = {isa = PBXFileReference; fileEncoding = 4; lastKnownFileType = sourcecode.c.h; path = "UIViewController+Base.h"; sourceTree = "<group>"; };
		B8938B081CEC61E800364D78 /* UIViewController+Base.m */ = {isa = PBXFileReference; fileEncoding = 4; lastKnownFileType = sourcecode.c.objc; path = "UIViewController+Base.m"; sourceTree = "<group>"; };
		B8938B0D1CEC941200364D78 /* Bucket.h */ = {isa = PBXFileReference; fileEncoding = 4; lastKnownFileType = sourcecode.c.h; path = Bucket.h; sourceTree = "<group>"; };
		B8938B0E1CEC941200364D78 /* Bucket.m */ = {isa = PBXFileReference; fileEncoding = 4; lastKnownFileType = sourcecode.c.objc; path = Bucket.m; sourceTree = "<group>"; };
		B8938B111CEC99FE00364D78 /* Passable.h */ = {isa = PBXFileReference; fileEncoding = 4; lastKnownFileType = sourcecode.c.h; path = Passable.h; sourceTree = "<group>"; };
		B8938B121CEC9ADB00364D78 /* NavigationHelper.h */ = {isa = PBXFileReference; fileEncoding = 4; lastKnownFileType = sourcecode.c.h; path = NavigationHelper.h; sourceTree = "<group>"; };
		B8938B131CEC9ADB00364D78 /* NavigationHelper.m */ = {isa = PBXFileReference; fileEncoding = 4; lastKnownFileType = sourcecode.c.objc; path = NavigationHelper.m; sourceTree = "<group>"; };
		B8938B161CECA35D00364D78 /* UINavigationController+Passable.h */ = {isa = PBXFileReference; fileEncoding = 4; lastKnownFileType = sourcecode.c.h; path = "UINavigationController+Passable.h"; sourceTree = "<group>"; };
		B8938B171CECA35D00364D78 /* UINavigationController+Passable.m */ = {isa = PBXFileReference; fileEncoding = 4; lastKnownFileType = sourcecode.c.objc; path = "UINavigationController+Passable.m"; sourceTree = "<group>"; };
		B89E6DB91CF9651C00DFD216 /* PersonalViewController.h */ = {isa = PBXFileReference; fileEncoding = 4; lastKnownFileType = sourcecode.c.h; path = PersonalViewController.h; sourceTree = "<group>"; };
		B89E6DBA1CF9651C00DFD216 /* PersonalViewController.m */ = {isa = PBXFileReference; fileEncoding = 4; lastKnownFileType = sourcecode.c.objc; path = PersonalViewController.m; sourceTree = "<group>"; };
		B89E6DBC1CF9741000DFD216 /* UserInfo.h */ = {isa = PBXFileReference; fileEncoding = 4; lastKnownFileType = sourcecode.c.h; path = UserInfo.h; sourceTree = "<group>"; };
		B89E6DBD1CF9741000DFD216 /* UserInfo.m */ = {isa = PBXFileReference; fileEncoding = 4; lastKnownFileType = sourcecode.c.objc; path = UserInfo.m; sourceTree = "<group>"; };
		B89E6DBF1CF97A0F00DFD216 /* ConversionHelper.h */ = {isa = PBXFileReference; fileEncoding = 4; lastKnownFileType = sourcecode.c.h; path = ConversionHelper.h; sourceTree = "<group>"; };
		B89E6DC01CF97A0F00DFD216 /* ConversionHelper.m */ = {isa = PBXFileReference; fileEncoding = 4; lastKnownFileType = sourcecode.c.objc; path = ConversionHelper.m; sourceTree = "<group>"; };
		B8A615761CEB3D2700AA6AB6 /* JFMatchmaking.app */ = {isa = PBXFileReference; explicitFileType = wrapper.application; includeInIndex = 0; path = JFMatchmaking.app; sourceTree = BUILT_PRODUCTS_DIR; };
		B8A6157A1CEB3D2700AA6AB6 /* main.m */ = {isa = PBXFileReference; lastKnownFileType = sourcecode.c.objc; path = main.m; sourceTree = "<group>"; };
		B8A6157C1CEB3D2700AA6AB6 /* AppDelegate.h */ = {isa = PBXFileReference; lastKnownFileType = sourcecode.c.h; path = AppDelegate.h; sourceTree = "<group>"; };
		B8A6157D1CEB3D2700AA6AB6 /* AppDelegate.m */ = {isa = PBXFileReference; lastKnownFileType = sourcecode.c.objc; path = AppDelegate.m; sourceTree = "<group>"; };
		B8A615831CEB3D2700AA6AB6 /* Base */ = {isa = PBXFileReference; lastKnownFileType = file.storyboard; name = Base; path = Base.lproj/Main.storyboard; sourceTree = "<group>"; };
		B8A615861CEB3D2700AA6AB6 /* JFMatchmaking.xcdatamodel */ = {isa = PBXFileReference; lastKnownFileType = wrapper.xcdatamodel; path = JFMatchmaking.xcdatamodel; sourceTree = "<group>"; };
		B8A615881CEB3D2700AA6AB6 /* Assets.xcassets */ = {isa = PBXFileReference; lastKnownFileType = folder.assetcatalog; path = Assets.xcassets; sourceTree = "<group>"; };
		B8A6158B1CEB3D2700AA6AB6 /* Base */ = {isa = PBXFileReference; lastKnownFileType = file.storyboard; name = Base; path = Base.lproj/LaunchScreen.storyboard; sourceTree = "<group>"; };
		B8A6158D1CEB3D2700AA6AB6 /* Info.plist */ = {isa = PBXFileReference; lastKnownFileType = text.plist.xml; path = Info.plist; sourceTree = "<group>"; };
		B8A615921CEB3D2700AA6AB6 /* JFMatchmakingTests.xctest */ = {isa = PBXFileReference; explicitFileType = wrapper.cfbundle; includeInIndex = 0; path = JFMatchmakingTests.xctest; sourceTree = BUILT_PRODUCTS_DIR; };
		B8A615961CEB3D2700AA6AB6 /* JFMatchmakingTests.m */ = {isa = PBXFileReference; lastKnownFileType = sourcecode.c.objc; path = JFMatchmakingTests.m; sourceTree = "<group>"; };
		B8A615981CEB3D2700AA6AB6 /* Info.plist */ = {isa = PBXFileReference; lastKnownFileType = text.plist.xml; path = Info.plist; sourceTree = "<group>"; };
		B8A6159D1CEB3D2700AA6AB6 /* JFMatchmakingUITests.xctest */ = {isa = PBXFileReference; explicitFileType = wrapper.cfbundle; includeInIndex = 0; path = JFMatchmakingUITests.xctest; sourceTree = BUILT_PRODUCTS_DIR; };
		B8A615A11CEB3D2700AA6AB6 /* JFMatchmakingUITests.m */ = {isa = PBXFileReference; lastKnownFileType = sourcecode.c.objc; path = JFMatchmakingUITests.m; sourceTree = "<group>"; };
		B8A615A31CEB3D2700AA6AB6 /* Info.plist */ = {isa = PBXFileReference; lastKnownFileType = text.plist.xml; path = Info.plist; sourceTree = "<group>"; };
		B8A615B21CEB4CB800AA6AB6 /* SlideMenuController.h */ = {isa = PBXFileReference; fileEncoding = 4; lastKnownFileType = sourcecode.c.h; path = SlideMenuController.h; sourceTree = "<group>"; };
		B8A615B31CEB4CB800AA6AB6 /* SlideMenuController.m */ = {isa = PBXFileReference; fileEncoding = 4; lastKnownFileType = sourcecode.c.objc; path = SlideMenuController.m; sourceTree = "<group>"; };
		B8A615B91CEB4D5600AA6AB6 /* UserViewController.h */ = {isa = PBXFileReference; fileEncoding = 4; lastKnownFileType = sourcecode.c.h; path = UserViewController.h; sourceTree = "<group>"; };
		B8A615BA1CEB4D5600AA6AB6 /* UserViewController.m */ = {isa = PBXFileReference; fileEncoding = 4; lastKnownFileType = sourcecode.c.objc; path = UserViewController.m; sourceTree = "<group>"; };
		B8A615BD1CEB4D9500AA6AB6 /* HomeViewController.h */ = {isa = PBXFileReference; fileEncoding = 4; lastKnownFileType = sourcecode.c.h; path = HomeViewController.h; sourceTree = "<group>"; };
		B8A615BE1CEB4D9500AA6AB6 /* HomeViewController.m */ = {isa = PBXFileReference; fileEncoding = 4; lastKnownFileType = sourcecode.c.objc; path = HomeViewController.m; sourceTree = "<group>"; };
		B8A615C11CEB6B9500AA6AB6 /* UtilsMacro.h */ = {isa = PBXFileReference; lastKnownFileType = sourcecode.c.h; path = UtilsMacro.h; sourceTree = "<group>"; };
/* End PBXFileReference section */

/* Begin PBXFrameworksBuildPhase section */
		B8A615731CEB3D2700AA6AB6 /* Frameworks */ = {
			isa = PBXFrameworksBuildPhase;
			buildActionMask = 2147483647;
			files = (
				B154ACFED8BCF0BEA349E3D2 /* libPods.a in Frameworks */,
			);
			runOnlyForDeploymentPostprocessing = 0;
		};
		B8A6158F1CEB3D2700AA6AB6 /* Frameworks */ = {
			isa = PBXFrameworksBuildPhase;
			buildActionMask = 2147483647;
			files = (
			);
			runOnlyForDeploymentPostprocessing = 0;
		};
		B8A6159A1CEB3D2700AA6AB6 /* Frameworks */ = {
			isa = PBXFrameworksBuildPhase;
			buildActionMask = 2147483647;
			files = (
			);
			runOnlyForDeploymentPostprocessing = 0;
		};
/* End PBXFrameworksBuildPhase section */

/* Begin PBXGroup section */
		B8125B6E1CEF46B700B12116 /* Login */ = {
			isa = PBXGroup;
			children = (
				B8125B6F1CEF46FE00B12116 /* LoginViewController.h */,
				B8125B701CEF46FE00B12116 /* LoginViewController.m */,
			);
			name = Login;
			sourceTree = "<group>";
		};
		B8125B721CEF4B4500B12116 /* Register */ = {
			isa = PBXGroup;
			children = (
				B8125B731CEF4B9500B12116 /* RegisterViewController.h */,
				B8125B741CEF4B9500B12116 /* RegisterViewController.m */,
			);
			name = Register;
			sourceTree = "<group>";
		};
		B8938B0B1CEC620400364D78 /* Categories */ = {
			isa = PBXGroup;
			children = (
				B8938B071CEC61E800364D78 /* UIViewController+Base.h */,
				B8938B081CEC61E800364D78 /* UIViewController+Base.m */,
				B8938B161CECA35D00364D78 /* UINavigationController+Passable.h */,
				B8938B171CECA35D00364D78 /* UINavigationController+Passable.m */,
				B8125B6A1CEEF0ED00B12116 /* UIView+Corner.h */,
				B8125B6B1CEEF0ED00B12116 /* UIView+Corner.m */,
				B83CEA4B1CF1A31F00651B32 /* UIColor+Int.h */,
				B83CEA4C1CF1A31F00651B32 /* UIColor+Int.m */,
			);
			name = Categories;
			sourceTree = "<group>";
		};
		B8938B0C1CEC93E400364D78 /* Classes */ = {
			isa = PBXGroup;
			children = (
				B8938B101CEC973C00364D78 /* Passable */,
			);
			name = Classes;
			sourceTree = "<group>";
		};
		B8938B101CEC973C00364D78 /* Passable */ = {
			isa = PBXGroup;
			children = (
				B8938B0D1CEC941200364D78 /* Bucket.h */,
				B8938B0E1CEC941200364D78 /* Bucket.m */,
				B8938B111CEC99FE00364D78 /* Passable.h */,
			);
			name = Passable;
			sourceTree = "<group>";
		};
		B8938B151CECA2AB00364D78 /* Helpers */ = {
			isa = PBXGroup;
			children = (
				B8938B121CEC9ADB00364D78 /* NavigationHelper.h */,
				B8938B131CEC9ADB00364D78 /* NavigationHelper.m */,
				B81D53FD1CED66600023061A /* AFNetworkingHelper.h */,
				B81D53FE1CED66600023061A /* AFNetworkingHelper.m */,
				B83CEA451CF187C400651B32 /* VerifyHelper.h */,
				B83CEA461CF187C400651B32 /* VerifyHelper.m */,
				B83CEA481CF19FC700651B32 /* UIHelper.h */,
				B83CEA491CF19FC700651B32 /* UIHelper.m */,
				B89E6DBF1CF97A0F00DFD216 /* ConversionHelper.h */,
				B89E6DC01CF97A0F00DFD216 /* ConversionHelper.m */,
			);
			name = Helpers;
			sourceTree = "<group>";
		};
		B8A6156D1CEB3D2700AA6AB6 = {
			isa = PBXGroup;
			children = (
				B8A615781CEB3D2700AA6AB6 /* JFMatchmaking */,
				B8A615951CEB3D2700AA6AB6 /* JFMatchmakingTests */,
				B8A615A01CEB3D2700AA6AB6 /* JFMatchmakingUITests */,
				B8A615771CEB3D2700AA6AB6 /* Products */,
				E747CF33EEDDD0BB070F9B38 /* Pods */,
				E475EBEBA22A12C84B9C3337 /* Frameworks */,
			);
			sourceTree = "<group>";
		};
		B8A615771CEB3D2700AA6AB6 /* Products */ = {
			isa = PBXGroup;
			children = (
				B8A615761CEB3D2700AA6AB6 /* JFMatchmaking.app */,
				B8A615921CEB3D2700AA6AB6 /* JFMatchmakingTests.xctest */,
				B8A6159D1CEB3D2700AA6AB6 /* JFMatchmakingUITests.xctest */,
			);
			name = Products;
			sourceTree = "<group>";
		};
		B8A615781CEB3D2700AA6AB6 /* JFMatchmaking */ = {
			isa = PBXGroup;
			children = (
				B8A615C01CEB6B5500AA6AB6 /* Macro */,
				B8A615B11CEB491C00AA6AB6 /* Model */,
				B8A615B01CEB490E00AA6AB6 /* View */,
				B8A615AF1CEB48F400AA6AB6 /* Controller */,
				B8A615791CEB3D2700AA6AB6 /* Supporting Files */,
			);
			path = JFMatchmaking;
			sourceTree = "<group>";
		};
		B8A615791CEB3D2700AA6AB6 /* Supporting Files */ = {
			isa = PBXGroup;
			children = (
				B8A6157C1CEB3D2700AA6AB6 /* AppDelegate.h */,
				B8A6157D1CEB3D2700AA6AB6 /* AppDelegate.m */,
				B8A6157A1CEB3D2700AA6AB6 /* main.m */,
				B8A6158D1CEB3D2700AA6AB6 /* Info.plist */,
			);
			name = "Supporting Files";
			sourceTree = "<group>";
		};
		B8A615951CEB3D2700AA6AB6 /* JFMatchmakingTests */ = {
			isa = PBXGroup;
			children = (
				B8A615961CEB3D2700AA6AB6 /* JFMatchmakingTests.m */,
				B8A615981CEB3D2700AA6AB6 /* Info.plist */,
			);
			path = JFMatchmakingTests;
			sourceTree = "<group>";
		};
		B8A615A01CEB3D2700AA6AB6 /* JFMatchmakingUITests */ = {
			isa = PBXGroup;
			children = (
				B8A615A11CEB3D2700AA6AB6 /* JFMatchmakingUITests.m */,
				B8A615A31CEB3D2700AA6AB6 /* Info.plist */,
			);
			path = JFMatchmakingUITests;
			sourceTree = "<group>";
		};
		B8A615AF1CEB48F400AA6AB6 /* Controller */ = {
			isa = PBXGroup;
			children = (
				B8A615B21CEB4CB800AA6AB6 /* SlideMenuController.h */,
				B8A615B31CEB4CB800AA6AB6 /* SlideMenuController.m */,
				B8125B6E1CEF46B700B12116 /* Login */,
				B8125B721CEF4B4500B12116 /* Register */,
				B8A615B51CEB4CDE00AA6AB6 /* User */,
				B8A615BC1CEB4D6D00AA6AB6 /* Home */,
				B8938B0B1CEC620400364D78 /* Categories */,
				B8938B0C1CEC93E400364D78 /* Classes */,
				B8938B151CECA2AB00364D78 /* Helpers */,
			);
			name = Controller;
			sourceTree = "<group>";
		};
		B8A615B01CEB490E00AA6AB6 /* View */ = {
			isa = PBXGroup;
			children = (
				B8A615821CEB3D2700AA6AB6 /* Main.storyboard */,
				B8A615881CEB3D2700AA6AB6 /* Assets.xcassets */,
				B8A6158A1CEB3D2700AA6AB6 /* LaunchScreen.storyboard */,
			);
			name = View;
			sourceTree = "<group>";
		};
		B8A615B11CEB491C00AA6AB6 /* Model */ = {
			isa = PBXGroup;
			children = (
				B8A615851CEB3D2700AA6AB6 /* JFMatchmaking.xcdatamodeld */,
				B81D54431CED95FA0023061A /* User.h */,
				B81D54441CED95FA0023061A /* User.m */,
				B89E6DBC1CF9741000DFD216 /* UserInfo.h */,
				B89E6DBD1CF9741000DFD216 /* UserInfo.m */,
			);
			name = Model;
			sourceTree = "<group>";
		};
		B8A615B51CEB4CDE00AA6AB6 /* User */ = {
			isa = PBXGroup;
			children = (
				B8A615B91CEB4D5600AA6AB6 /* UserViewController.h */,
				B8A615BA1CEB4D5600AA6AB6 /* UserViewController.m */,
				B89E6DB91CF9651C00DFD216 /* PersonalViewController.h */,
				B89E6DBA1CF9651C00DFD216 /* PersonalViewController.m */,
				B88C04241D05BAC10078D82B /* EditViewController.h */,
				B88C04251D05BAC10078D82B /* EditViewController.m */,
			);
			name = User;
			sourceTree = "<group>";
		};
		B8A615BC1CEB4D6D00AA6AB6 /* Home */ = {
			isa = PBXGroup;
			children = (
				B8A615BD1CEB4D9500AA6AB6 /* HomeViewController.h */,
				B8A615BE1CEB4D9500AA6AB6 /* HomeViewController.m */,
			);
			name = Home;
			sourceTree = "<group>";
		};
		B8A615C01CEB6B5500AA6AB6 /* Macro */ = {
			isa = PBXGroup;
			children = (
				B8A615C11CEB6B9500AA6AB6 /* UtilsMacro.h */,
				B81D54001CED66C10023061A /* URLMacor.h */,
			);
			name = Macro;
			sourceTree = "<group>";
		};
		E475EBEBA22A12C84B9C3337 /* Frameworks */ = {
			isa = PBXGroup;
			children = (
				917702E02903E4D28FD22425 /* libPods.a */,
			);
			name = Frameworks;
			sourceTree = "<group>";
		};
		E747CF33EEDDD0BB070F9B38 /* Pods */ = {
			isa = PBXGroup;
			children = (
				42EF440544D838E8C03A6D8E /* Pods.debug.xcconfig */,
				934995AE00BDC9693A11886F /* Pods.release.xcconfig */,
			);
			name = Pods;
			sourceTree = "<group>";
		};
/* End PBXGroup section */

/* Begin PBXNativeTarget section */
		B8A615751CEB3D2700AA6AB6 /* JFMatchmaking */ = {
			isa = PBXNativeTarget;
			buildConfigurationList = B8A615A61CEB3D2700AA6AB6 /* Build configuration list for PBXNativeTarget "JFMatchmaking" */;
			buildPhases = (
				A13D11767EB59754C6A1C7B7 /* Check Pods Manifest.lock */,
				B8A615721CEB3D2700AA6AB6 /* Sources */,
				B8A615731CEB3D2700AA6AB6 /* Frameworks */,
				B8A615741CEB3D2700AA6AB6 /* Resources */,
				B6238FE2064993B079A2860D /* Embed Pods Frameworks */,
				3E59467C28D3DBAD618C3320 /* Copy Pods Resources */,
			);
			buildRules = (
			);
			dependencies = (
			);
			name = JFMatchmaking;
			productName = JFMatchmaking;
			productReference = B8A615761CEB3D2700AA6AB6 /* JFMatchmaking.app */;
			productType = "com.apple.product-type.application";
		};
		B8A615911CEB3D2700AA6AB6 /* JFMatchmakingTests */ = {
			isa = PBXNativeTarget;
			buildConfigurationList = B8A615A91CEB3D2700AA6AB6 /* Build configuration list for PBXNativeTarget "JFMatchmakingTests" */;
			buildPhases = (
				B8A6158E1CEB3D2700AA6AB6 /* Sources */,
				B8A6158F1CEB3D2700AA6AB6 /* Frameworks */,
				B8A615901CEB3D2700AA6AB6 /* Resources */,
			);
			buildRules = (
			);
			dependencies = (
				B8A615941CEB3D2700AA6AB6 /* PBXTargetDependency */,
			);
			name = JFMatchmakingTests;
			productName = JFMatchmakingTests;
			productReference = B8A615921CEB3D2700AA6AB6 /* JFMatchmakingTests.xctest */;
			productType = "com.apple.product-type.bundle.unit-test";
		};
		B8A6159C1CEB3D2700AA6AB6 /* JFMatchmakingUITests */ = {
			isa = PBXNativeTarget;
			buildConfigurationList = B8A615AC1CEB3D2700AA6AB6 /* Build configuration list for PBXNativeTarget "JFMatchmakingUITests" */;
			buildPhases = (
				B8A615991CEB3D2700AA6AB6 /* Sources */,
				B8A6159A1CEB3D2700AA6AB6 /* Frameworks */,
				B8A6159B1CEB3D2700AA6AB6 /* Resources */,
			);
			buildRules = (
			);
			dependencies = (
				B8A6159F1CEB3D2700AA6AB6 /* PBXTargetDependency */,
			);
			name = JFMatchmakingUITests;
			productName = JFMatchmakingUITests;
			productReference = B8A6159D1CEB3D2700AA6AB6 /* JFMatchmakingUITests.xctest */;
			productType = "com.apple.product-type.bundle.ui-testing";
		};
/* End PBXNativeTarget section */

/* Begin PBXProject section */
		B8A6156E1CEB3D2700AA6AB6 /* Project object */ = {
			isa = PBXProject;
			attributes = {
				LastUpgradeCheck = 0730;
				ORGANIZATIONNAME = yf;
				TargetAttributes = {
					B8A615751CEB3D2700AA6AB6 = {
						CreatedOnToolsVersion = 7.3;
					};
					B8A615911CEB3D2700AA6AB6 = {
						CreatedOnToolsVersion = 7.3;
						TestTargetID = B8A615751CEB3D2700AA6AB6;
					};
					B8A6159C1CEB3D2700AA6AB6 = {
						CreatedOnToolsVersion = 7.3;
						TestTargetID = B8A615751CEB3D2700AA6AB6;
					};
				};
			};
			buildConfigurationList = B8A615711CEB3D2700AA6AB6 /* Build configuration list for PBXProject "JFMatchmaking" */;
			compatibilityVersion = "Xcode 3.2";
			developmentRegion = English;
			hasScannedForEncodings = 0;
			knownRegions = (
				en,
				Base,
			);
			mainGroup = B8A6156D1CEB3D2700AA6AB6;
			productRefGroup = B8A615771CEB3D2700AA6AB6 /* Products */;
			projectDirPath = "";
			projectRoot = "";
			targets = (
				B8A615751CEB3D2700AA6AB6 /* JFMatchmaking */,
				B8A615911CEB3D2700AA6AB6 /* JFMatchmakingTests */,
				B8A6159C1CEB3D2700AA6AB6 /* JFMatchmakingUITests */,
			);
		};
/* End PBXProject section */

/* Begin PBXResourcesBuildPhase section */
		B8A615741CEB3D2700AA6AB6 /* Resources */ = {
			isa = PBXResourcesBuildPhase;
			buildActionMask = 2147483647;
			files = (
				B8A6158C1CEB3D2700AA6AB6 /* LaunchScreen.storyboard in Resources */,
				B8A615891CEB3D2700AA6AB6 /* Assets.xcassets in Resources */,
				B8A615841CEB3D2700AA6AB6 /* Main.storyboard in Resources */,
			);
			runOnlyForDeploymentPostprocessing = 0;
		};
		B8A615901CEB3D2700AA6AB6 /* Resources */ = {
			isa = PBXResourcesBuildPhase;
			buildActionMask = 2147483647;
			files = (
			);
			runOnlyForDeploymentPostprocessing = 0;
		};
		B8A6159B1CEB3D2700AA6AB6 /* Resources */ = {
			isa = PBXResourcesBuildPhase;
			buildActionMask = 2147483647;
			files = (
			);
			runOnlyForDeploymentPostprocessing = 0;
		};
/* End PBXResourcesBuildPhase section */

/* Begin PBXShellScriptBuildPhase section */
		3E59467C28D3DBAD618C3320 /* Copy Pods Resources */ = {
			isa = PBXShellScriptBuildPhase;
			buildActionMask = 2147483647;
			files = (
			);
			inputPaths = (
			);
			name = "Copy Pods Resources";
			outputPaths = (
			);
			runOnlyForDeploymentPostprocessing = 0;
			shellPath = /bin/sh;
			shellScript = "\"${SRCROOT}/Pods/Target Support Files/Pods/Pods-resources.sh\"\n";
			showEnvVarsInLog = 0;
		};
		A13D11767EB59754C6A1C7B7 /* Check Pods Manifest.lock */ = {
			isa = PBXShellScriptBuildPhase;
			buildActionMask = 2147483647;
			files = (
			);
			inputPaths = (
			);
			name = "Check Pods Manifest.lock";
			outputPaths = (
			);
			runOnlyForDeploymentPostprocessing = 0;
			shellPath = /bin/sh;
			shellScript = "diff \"${PODS_ROOT}/../Podfile.lock\" \"${PODS_ROOT}/Manifest.lock\" > /dev/null\nif [[ $? != 0 ]] ; then\n    cat << EOM\nerror: The sandbox is not in sync with the Podfile.lock. Run 'pod install' or update your CocoaPods installation.\nEOM\n    exit 1\nfi\n";
			showEnvVarsInLog = 0;
		};
		B6238FE2064993B079A2860D /* Embed Pods Frameworks */ = {
			isa = PBXShellScriptBuildPhase;
			buildActionMask = 2147483647;
			files = (
			);
			inputPaths = (
			);
			name = "Embed Pods Frameworks";
			outputPaths = (
			);
			runOnlyForDeploymentPostprocessing = 0;
			shellPath = /bin/sh;
			shellScript = "\"${SRCROOT}/Pods/Target Support Files/Pods/Pods-frameworks.sh\"\n";
			showEnvVarsInLog = 0;
		};
/* End PBXShellScriptBuildPhase section */

/* Begin PBXSourcesBuildPhase section */
		B8A615721CEB3D2700AA6AB6 /* Sources */ = {
			isa = PBXSourcesBuildPhase;
			buildActionMask = 2147483647;
			files = (
				B8A615B41CEB4CB800AA6AB6 /* SlideMenuController.m in Sources */,
				B8938B0F1CEC941200364D78 /* Bucket.m in Sources */,
				B89E6DBB1CF9651C00DFD216 /* PersonalViewController.m in Sources */,
				B8A615BB1CEB4D5600AA6AB6 /* UserViewController.m in Sources */,
				B8A6157E1CEB3D2700AA6AB6 /* AppDelegate.m in Sources */,
				B8125B711CEF46FE00B12116 /* LoginViewController.m in Sources */,
				B81D53FF1CED66600023061A /* AFNetworkingHelper.m in Sources */,
				B8125B6C1CEEF0ED00B12116 /* UIView+Corner.m in Sources */,
				B88C04261D05BAC10078D82B /* EditViewController.m in Sources */,
				B89E6DBE1CF9741000DFD216 /* UserInfo.m in Sources */,
				B8938B181CECA35D00364D78 /* UINavigationController+Passable.m in Sources */,
				B8938B141CEC9ADB00364D78 /* NavigationHelper.m in Sources */,
				B8A615871CEB3D2700AA6AB6 /* JFMatchmaking.xcdatamodeld in Sources */,
				B89E6DC11CF97A0F00DFD216 /* ConversionHelper.m in Sources */,
				B8125B751CEF4B9500B12116 /* RegisterViewController.m in Sources */,
				B81D54451CED95FA0023061A /* User.m in Sources */,
				B8A6157B1CEB3D2700AA6AB6 /* main.m in Sources */,
				B83CEA4D1CF1A31F00651B32 /* UIColor+Int.m in Sources */,
				B8938B091CEC61E800364D78 /* UIViewController+Base.m in Sources */,
				B83CEA471CF187C400651B32 /* VerifyHelper.m in Sources */,
				B8A615BF1CEB4D9500AA6AB6 /* HomeViewController.m in Sources */,
				B83CEA4A1CF19FC700651B32 /* UIHelper.m in Sources */,
			);
			runOnlyForDeploymentPostprocessing = 0;
		};
		B8A6158E1CEB3D2700AA6AB6 /* Sources */ = {
			isa = PBXSourcesBuildPhase;
			buildActionMask = 2147483647;
			files = (
				B8A615971CEB3D2700AA6AB6 /* JFMatchmakingTests.m in Sources */,
			);
			runOnlyForDeploymentPostprocessing = 0;
		};
		B8A615991CEB3D2700AA6AB6 /* Sources */ = {
			isa = PBXSourcesBuildPhase;
			buildActionMask = 2147483647;
			files = (
				B8A615A21CEB3D2700AA6AB6 /* JFMatchmakingUITests.m in Sources */,
			);
			runOnlyForDeploymentPostprocessing = 0;
		};
/* End PBXSourcesBuildPhase section */

/* Begin PBXTargetDependency section */
		B8A615941CEB3D2700AA6AB6 /* PBXTargetDependency */ = {
			isa = PBXTargetDependency;
			target = B8A615751CEB3D2700AA6AB6 /* JFMatchmaking */;
			targetProxy = B8A615931CEB3D2700AA6AB6 /* PBXContainerItemProxy */;
		};
		B8A6159F1CEB3D2700AA6AB6 /* PBXTargetDependency */ = {
			isa = PBXTargetDependency;
			target = B8A615751CEB3D2700AA6AB6 /* JFMatchmaking */;
			targetProxy = B8A6159E1CEB3D2700AA6AB6 /* PBXContainerItemProxy */;
		};
/* End PBXTargetDependency section */

/* Begin PBXVariantGroup section */
		B8A615821CEB3D2700AA6AB6 /* Main.storyboard */ = {
			isa = PBXVariantGroup;
			children = (
				B8A615831CEB3D2700AA6AB6 /* Base */,
			);
			name = Main.storyboard;
			sourceTree = "<group>";
		};
		B8A6158A1CEB3D2700AA6AB6 /* LaunchScreen.storyboard */ = {
			isa = PBXVariantGroup;
			children = (
				B8A6158B1CEB3D2700AA6AB6 /* Base */,
			);
			name = LaunchScreen.storyboard;
			sourceTree = "<group>";
		};
/* End PBXVariantGroup section */

/* Begin XCBuildConfiguration section */
		B8A615A41CEB3D2700AA6AB6 /* Debug */ = {
			isa = XCBuildConfiguration;
			buildSettings = {
				ALWAYS_SEARCH_USER_PATHS = NO;
				CLANG_ANALYZER_NONNULL = YES;
				CLANG_CXX_LANGUAGE_STANDARD = "gnu++0x";
				CLANG_CXX_LIBRARY = "libc++";
				CLANG_ENABLE_MODULES = YES;
				CLANG_ENABLE_OBJC_ARC = YES;
				CLANG_WARN_BOOL_CONVERSION = YES;
				CLANG_WARN_CONSTANT_CONVERSION = YES;
				CLANG_WARN_DIRECT_OBJC_ISA_USAGE = YES_ERROR;
				CLANG_WARN_EMPTY_BODY = YES;
				CLANG_WARN_ENUM_CONVERSION = YES;
				CLANG_WARN_INT_CONVERSION = YES;
				CLANG_WARN_OBJC_ROOT_CLASS = YES_ERROR;
				CLANG_WARN_UNREACHABLE_CODE = YES;
				CLANG_WARN__DUPLICATE_METHOD_MATCH = YES;
				"CODE_SIGN_IDENTITY[sdk=iphoneos*]" = "iPhone Developer";
				COPY_PHASE_STRIP = NO;
				DEBUG_INFORMATION_FORMAT = dwarf;
				ENABLE_STRICT_OBJC_MSGSEND = YES;
				ENABLE_TESTABILITY = YES;
				GCC_C_LANGUAGE_STANDARD = gnu99;
				GCC_DYNAMIC_NO_PIC = NO;
				GCC_NO_COMMON_BLOCKS = YES;
				GCC_OPTIMIZATION_LEVEL = 0;
				GCC_PREPROCESSOR_DEFINITIONS = (
					"DEBUG=1",
					"$(inherited)",
				);
				GCC_WARN_64_TO_32_BIT_CONVERSION = YES;
				GCC_WARN_ABOUT_RETURN_TYPE = YES_ERROR;
				GCC_WARN_UNDECLARED_SELECTOR = YES;
				GCC_WARN_UNINITIALIZED_AUTOS = YES_AGGRESSIVE;
				GCC_WARN_UNUSED_FUNCTION = YES;
				GCC_WARN_UNUSED_VARIABLE = YES;
				IPHONEOS_DEPLOYMENT_TARGET = 9.3;
				MTL_ENABLE_DEBUG_INFO = YES;
				ONLY_ACTIVE_ARCH = YES;
				SDKROOT = iphoneos;
			};
			name = Debug;
		};
		B8A615A51CEB3D2700AA6AB6 /* Release */ = {
			isa = XCBuildConfiguration;
			buildSettings = {
				ALWAYS_SEARCH_USER_PATHS = NO;
				CLANG_ANALYZER_NONNULL = YES;
				CLANG_CXX_LANGUAGE_STANDARD = "gnu++0x";
				CLANG_CXX_LIBRARY = "libc++";
				CLANG_ENABLE_MODULES = YES;
				CLANG_ENABLE_OBJC_ARC = YES;
				CLANG_WARN_BOOL_CONVERSION = YES;
				CLANG_WARN_CONSTANT_CONVERSION = YES;
				CLANG_WARN_DIRECT_OBJC_ISA_USAGE = YES_ERROR;
				CLANG_WARN_EMPTY_BODY = YES;
				CLANG_WARN_ENUM_CONVERSION = YES;
				CLANG_WARN_INT_CONVERSION = YES;
				CLANG_WARN_OBJC_ROOT_CLASS = YES_ERROR;
				CLANG_WARN_UNREACHABLE_CODE = YES;
				CLANG_WARN__DUPLICATE_METHOD_MATCH = YES;
				"CODE_SIGN_IDENTITY[sdk=iphoneos*]" = "iPhone Developer";
				COPY_PHASE_STRIP = NO;
				DEBUG_INFORMATION_FORMAT = "dwarf-with-dsym";
				ENABLE_NS_ASSERTIONS = NO;
				ENABLE_STRICT_OBJC_MSGSEND = YES;
				GCC_C_LANGUAGE_STANDARD = gnu99;
				GCC_NO_COMMON_BLOCKS = YES;
				GCC_WARN_64_TO_32_BIT_CONVERSION = YES;
				GCC_WARN_ABOUT_RETURN_TYPE = YES_ERROR;
				GCC_WARN_UNDECLARED_SELECTOR = YES;
				GCC_WARN_UNINITIALIZED_AUTOS = YES_AGGRESSIVE;
				GCC_WARN_UNUSED_FUNCTION = YES;
				GCC_WARN_UNUSED_VARIABLE = YES;
				IPHONEOS_DEPLOYMENT_TARGET = 9.3;
				MTL_ENABLE_DEBUG_INFO = NO;
				SDKROOT = iphoneos;
				VALIDATE_PRODUCT = YES;
			};
			name = Release;
		};
		B8A615A71CEB3D2700AA6AB6 /* Debug */ = {
			isa = XCBuildConfiguration;
			baseConfigurationReference = 42EF440544D838E8C03A6D8E /* Pods.debug.xcconfig */;
			buildSettings = {
				ASSETCATALOG_COMPILER_APPICON_NAME = AppIcon;
				INFOPLIST_FILE = JFMatchmaking/Info.plist;
				IPHONEOS_DEPLOYMENT_TARGET = 8.0;
				LD_RUNPATH_SEARCH_PATHS = "$(inherited) @executable_path/Frameworks";
				PRODUCT_BUNDLE_IDENTIFIER = yf.JFMatchmaking;
				PRODUCT_NAME = "$(TARGET_NAME)";
			};
			name = Debug;
		};
		B8A615A81CEB3D2700AA6AB6 /* Release */ = {
			isa = XCBuildConfiguration;
			baseConfigurationReference = 934995AE00BDC9693A11886F /* Pods.release.xcconfig */;
			buildSettings = {
				ASSETCATALOG_COMPILER_APPICON_NAME = AppIcon;
				INFOPLIST_FILE = JFMatchmaking/Info.plist;
				IPHONEOS_DEPLOYMENT_TARGET = 8.0;
				LD_RUNPATH_SEARCH_PATHS = "$(inherited) @executable_path/Frameworks";
				PRODUCT_BUNDLE_IDENTIFIER = yf.JFMatchmaking;
				PRODUCT_NAME = "$(TARGET_NAME)";
			};
			name = Release;
		};
		B8A615AA1CEB3D2700AA6AB6 /* Debug */ = {
			isa = XCBuildConfiguration;
			buildSettings = {
				BUNDLE_LOADER = "$(TEST_HOST)";
				INFOPLIST_FILE = JFMatchmakingTests/Info.plist;
				LD_RUNPATH_SEARCH_PATHS = "$(inherited) @executable_path/Frameworks @loader_path/Frameworks";
				PRODUCT_BUNDLE_IDENTIFIER = yf.JFMatchmakingTests;
				PRODUCT_NAME = "$(TARGET_NAME)";
				TEST_HOST = "$(BUILT_PRODUCTS_DIR)/JFMatchmaking.app/JFMatchmaking";
			};
			name = Debug;
		};
		B8A615AB1CEB3D2700AA6AB6 /* Release */ = {
			isa = XCBuildConfiguration;
			buildSettings = {
				BUNDLE_LOADER = "$(TEST_HOST)";
				INFOPLIST_FILE = JFMatchmakingTests/Info.plist;
				LD_RUNPATH_SEARCH_PATHS = "$(inherited) @executable_path/Frameworks @loader_path/Frameworks";
				PRODUCT_BUNDLE_IDENTIFIER = yf.JFMatchmakingTests;
				PRODUCT_NAME = "$(TARGET_NAME)";
				TEST_HOST = "$(BUILT_PRODUCTS_DIR)/JFMatchmaking.app/JFMatchmaking";
			};
			name = Release;
		};
		B8A615AD1CEB3D2700AA6AB6 /* Debug */ = {
			isa = XCBuildConfiguration;
			buildSettings = {
				INFOPLIST_FILE = JFMatchmakingUITests/Info.plist;
				LD_RUNPATH_SEARCH_PATHS = "$(inherited) @executable_path/Frameworks @loader_path/Frameworks";
				PRODUCT_BUNDLE_IDENTIFIER = yf.JFMatchmakingUITests;
				PRODUCT_NAME = "$(TARGET_NAME)";
				TEST_TARGET_NAME = JFMatchmaking;
			};
			name = Debug;
		};
		B8A615AE1CEB3D2700AA6AB6 /* Release */ = {
			isa = XCBuildConfiguration;
			buildSettings = {
				INFOPLIST_FILE = JFMatchmakingUITests/Info.plist;
				LD_RUNPATH_SEARCH_PATHS = "$(inherited) @executable_path/Frameworks @loader_path/Frameworks";
				PRODUCT_BUNDLE_IDENTIFIER = yf.JFMatchmakingUITests;
				PRODUCT_NAME = "$(TARGET_NAME)";
				TEST_TARGET_NAME = JFMatchmaking;
			};
			name = Release;
		};
/* End XCBuildConfiguration section */

/* Begin XCConfigurationList section */
		B8A615711CEB3D2700AA6AB6 /* Build configuration list for PBXProject "JFMatchmaking" */ = {
			isa = XCConfigurationList;
			buildConfigurations = (
				B8A615A41CEB3D2700AA6AB6 /* Debug */,
				B8A615A51CEB3D2700AA6AB6 /* Release */,
			);
			defaultConfigurationIsVisible = 0;
			defaultConfigurationName = Release;
		};
		B8A615A61CEB3D2700AA6AB6 /* Build configuration list for PBXNativeTarget "JFMatchmaking" */ = {
			isa = XCConfigurationList;
			buildConfigurations = (
				B8A615A71CEB3D2700AA6AB6 /* Debug */,
				B8A615A81CEB3D2700AA6AB6 /* Release */,
			);
			defaultConfigurationIsVisible = 0;
			defaultConfigurationName = Release;
		};
		B8A615A91CEB3D2700AA6AB6 /* Build configuration list for PBXNativeTarget "JFMatchmakingTests" */ = {
			isa = XCConfigurationList;
			buildConfigurations = (
				B8A615AA1CEB3D2700AA6AB6 /* Debug */,
				B8A615AB1CEB3D2700AA6AB6 /* Release */,
			);
			defaultConfigurationIsVisible = 0;
			defaultConfigurationName = Release;
		};
		B8A615AC1CEB3D2700AA6AB6 /* Build configuration list for PBXNativeTarget "JFMatchmakingUITests" */ = {
			isa = XCConfigurationList;
			buildConfigurations = (
				B8A615AD1CEB3D2700AA6AB6 /* Debug */,
				B8A615AE1CEB3D2700AA6AB6 /* Release */,
			);
			defaultConfigurationIsVisible = 0;
			defaultConfigurationName = Release;
		};
/* End XCConfigurationList section */

/* Begin XCVersionGroup section */
		B8A615851CEB3D2700AA6AB6 /* JFMatchmaking.xcdatamodeld */ = {
			isa = XCVersionGroup;
			children = (
				B8A615861CEB3D2700AA6AB6 /* JFMatchmaking.xcdatamodel */,
			);
			currentVersion = B8A615861CEB3D2700AA6AB6 /* JFMatchmaking.xcdatamodel */;
			path = JFMatchmaking.xcdatamodeld;
			sourceTree = "<group>";
			versionGroupType = wrapper.xcdatamodel;
		};
/* End XCVersionGroup section */
	};
	rootObject = B8A6156E1CEB3D2700AA6AB6 /* Project object */;
}
