<?xml version="1.0" encoding="UTF-8"?>
<!DOCTYPE plist PUBLIC "-//Apple//DTD PLIST 1.0//EN" "http://www.apple.com/DTDs/PropertyList-1.0.dtd">
<plist version="1.0">
<dict>
	<key>archiveVersion</key>
	<string>1</string>
	<key>classes</key>
	<dict/>
	<key>objectVersion</key>
	<string>46</string>
	<key>objects</key>
	<dict>
		<key>3E59467C28D3DBAD618C3320</key>
		<dict>
			<key>buildActionMask</key>
			<string>2147483647</string>
			<key>files</key>
			<array/>
			<key>inputPaths</key>
			<array/>
			<key>isa</key>
			<string>PBXShellScriptBuildPhase</string>
			<key>name</key>
			<string>Copy Pods Resources</string>
			<key>outputPaths</key>
			<array/>
			<key>runOnlyForDeploymentPostprocessing</key>
			<string>0</string>
			<key>shellPath</key>
			<string>/bin/sh</string>
			<key>shellScript</key>
			<string>"${SRCROOT}/Pods/Target Support Files/Pods/Pods-resources.sh"
</string>
			<key>showEnvVarsInLog</key>
			<string>0</string>
		</dict>
		<key>42EF440544D838E8C03A6D8E</key>
		<dict>
			<key>includeInIndex</key>
			<string>1</string>
			<key>isa</key>
			<string>PBXFileReference</string>
			<key>lastKnownFileType</key>
			<string>text.xcconfig</string>
			<key>name</key>
			<string>Pods.debug.xcconfig</string>
			<key>path</key>
			<string>Pods/Target Support Files/Pods/Pods.debug.xcconfig</string>
			<key>sourceTree</key>
			<string>&lt;group&gt;</string>
		</dict>
		<key>917702E02903E4D28FD22425</key>
		<dict>
			<key>explicitFileType</key>
			<string>archive.ar</string>
			<key>includeInIndex</key>
			<string>0</string>
			<key>isa</key>
			<string>PBXFileReference</string>
			<key>path</key>
			<string>libPods.a</string>
			<key>sourceTree</key>
			<string>BUILT_PRODUCTS_DIR</string>
		</dict>
		<key>934995AE00BDC9693A11886F</key>
		<dict>
			<key>includeInIndex</key>
			<string>1</string>
			<key>isa</key>
			<string>PBXFileReference</string>
			<key>lastKnownFileType</key>
			<string>text.xcconfig</string>
			<key>name</key>
			<string>Pods.release.xcconfig</string>
			<key>path</key>
			<string>Pods/Target Support Files/Pods/Pods.release.xcconfig</string>
			<key>sourceTree</key>
			<string>&lt;group&gt;</string>
		</dict>
		<key>A13D11767EB59754C6A1C7B7</key>
		<dict>
			<key>buildActionMask</key>
			<string>2147483647</string>
			<key>files</key>
			<array/>
			<key>inputPaths</key>
			<array/>
			<key>isa</key>
			<string>PBXShellScriptBuildPhase</string>
			<key>name</key>
			<string>Check Pods Manifest.lock</string>
			<key>outputPaths</key>
			<array/>
			<key>runOnlyForDeploymentPostprocessing</key>
			<string>0</string>
			<key>shellPath</key>
			<string>/bin/sh</string>
			<key>shellScript</key>
			<string>diff "${PODS_ROOT}/../Podfile.lock" "${PODS_ROOT}/Manifest.lock" &gt; /dev/null
if [[ $? != 0 ]] ; then
    cat &lt;&lt; EOM
error: The sandbox is not in sync with the Podfile.lock. Run 'pod install' or update your CocoaPods installation.
EOM
    exit 1
fi
</string>
			<key>showEnvVarsInLog</key>
			<string>0</string>
		</dict>
		<key>B154ACFED8BCF0BEA349E3D2</key>
		<dict>
			<key>fileRef</key>
			<string>917702E02903E4D28FD22425</string>
			<key>isa</key>
			<string>PBXBuildFile</string>
		</dict>
		<key>B6238FE2064993B079A2860D</key>
		<dict>
			<key>buildActionMask</key>
			<string>2147483647</string>
			<key>files</key>
			<array/>
			<key>inputPaths</key>
			<array/>
			<key>isa</key>
			<string>PBXShellScriptBuildPhase</string>
			<key>name</key>
			<string>Embed Pods Frameworks</string>
			<key>outputPaths</key>
			<array/>
			<key>runOnlyForDeploymentPostprocessing</key>
			<string>0</string>
			<key>shellPath</key>
			<string>/bin/sh</string>
			<key>shellScript</key>
			<string>"${SRCROOT}/Pods/Target Support Files/Pods/Pods-frameworks.sh"
</string>
			<key>showEnvVarsInLog</key>
			<string>0</string>
		</dict>
		<key>B8A6156D1CEB3D2700AA6AB6</key>
		<dict>
			<key>children</key>
			<array>
				<string>B8A615781CEB3D2700AA6AB6</string>
				<string>B8A615951CEB3D2700AA6AB6</string>
				<string>B8A615A01CEB3D2700AA6AB6</string>
				<string>B8A615771CEB3D2700AA6AB6</string>
				<string>E747CF33EEDDD0BB070F9B38</string>
				<string>E475EBEBA22A12C84B9C3337</string>
			</array>
			<key>isa</key>
			<string>PBXGroup</string>
			<key>sourceTree</key>
			<string>&lt;group&gt;</string>
		</dict>
		<key>B8A6156E1CEB3D2700AA6AB6</key>
		<dict>
			<key>attributes</key>
			<dict>
				<key>LastUpgradeCheck</key>
				<string>0730</string>
				<key>ORGANIZATIONNAME</key>
				<string>yf</string>
				<key>TargetAttributes</key>
				<dict>
					<key>B8A615751CEB3D2700AA6AB6</key>
					<dict>
						<key>CreatedOnToolsVersion</key>
						<string>7.3</string>
					</dict>
					<key>B8A615911CEB3D2700AA6AB6</key>
					<dict>
						<key>CreatedOnToolsVersion</key>
						<string>7.3</string>
						<key>TestTargetID</key>
						<string>B8A615751CEB3D2700AA6AB6</string>
					</dict>
					<key>B8A6159C1CEB3D2700AA6AB6</key>
					<dict>
						<key>CreatedOnToolsVersion</key>
						<string>7.3</string>
						<key>TestTargetID</key>
						<string>B8A615751CEB3D2700AA6AB6</string>
					</dict>
				</dict>
			</dict>
			<key>buildConfigurationList</key>
			<string>B8A615711CEB3D2700AA6AB6</string>
			<key>compatibilityVersion</key>
			<string>Xcode 3.2</string>
			<key>developmentRegion</key>
			<string>English</string>
			<key>hasScannedForEncodings</key>
			<string>0</string>
			<key>isa</key>
			<string>PBXProject</string>
			<key>knownRegions</key>
			<array>
				<string>en</string>
				<string>Base</string>
			</array>
			<key>mainGroup</key>
			<string>B8A6156D1CEB3D2700AA6AB6</string>
			<key>productRefGroup</key>
			<string>B8A615771CEB3D2700AA6AB6</string>
			<key>projectDirPath</key>
			<string></string>
			<key>projectReferences</key>
			<array/>
			<key>projectRoot</key>
			<string></string>
			<key>targets</key>
			<array>
				<string>B8A615751CEB3D2700AA6AB6</string>
				<string>B8A615911CEB3D2700AA6AB6</string>
				<string>B8A6159C1CEB3D2700AA6AB6</string>
			</array>
		</dict>
		<key>B8A615711CEB3D2700AA6AB6</key>
		<dict>
			<key>buildConfigurations</key>
			<array>
				<string>B8A615A41CEB3D2700AA6AB6</string>
				<string>B8A615A51CEB3D2700AA6AB6</string>
			</array>
			<key>defaultConfigurationIsVisible</key>
			<string>0</string>
			<key>defaultConfigurationName</key>
			<string>Release</string>
			<key>isa</key>
			<string>XCConfigurationList</string>
		</dict>
		<key>B8A615721CEB3D2700AA6AB6</key>
		<dict>
			<key>buildActionMask</key>
			<string>2147483647</string>
			<key>files</key>
			<array>
				<string>B8A615811CEB3D2700AA6AB6</string>
				<string>B8A6157E1CEB3D2700AA6AB6</string>
				<string>B8A615871CEB3D2700AA6AB6</string>
				<string>B8A6157B1CEB3D2700AA6AB6</string>
			</array>
			<key>isa</key>
			<string>PBXSourcesBuildPhase</string>
			<key>runOnlyForDeploymentPostprocessing</key>
			<string>0</string>
		</dict>
		<key>B8A615731CEB3D2700AA6AB6</key>
		<dict>
			<key>buildActionMask</key>
			<string>2147483647</string>
			<key>files</key>
			<array>
				<string>B154ACFED8BCF0BEA349E3D2</string>
			</array>
			<key>isa</key>
			<string>PBXFrameworksBuildPhase</string>
			<key>runOnlyForDeploymentPostprocessing</key>
			<string>0</string>
		</dict>
		<key>B8A615741CEB3D2700AA6AB6</key>
		<dict>
			<key>buildActionMask</key>
			<string>2147483647</string>
			<key>files</key>
			<array>
				<string>B8A6158C1CEB3D2700AA6AB6</string>
				<string>B8A615891CEB3D2700AA6AB6</string>
				<string>B8A615841CEB3D2700AA6AB6</string>
			</array>
			<key>isa</key>
			<string>PBXResourcesBuildPhase</string>
			<key>runOnlyForDeploymentPostprocessing</key>
			<string>0</string>
		</dict>
		<key>B8A615751CEB3D2700AA6AB6</key>
		<dict>
			<key>buildConfigurationList</key>
			<string>B8A615A61CEB3D2700AA6AB6</string>
			<key>buildPhases</key>
			<array>
				<string>A13D11767EB59754C6A1C7B7</string>
				<string>B8A615721CEB3D2700AA6AB6</string>
				<string>B8A615731CEB3D2700AA6AB6</string>
				<string>B8A615741CEB3D2700AA6AB6</string>
				<string>B6238FE2064993B079A2860D</string>
				<string>3E59467C28D3DBAD618C3320</string>
			</array>
			<key>buildRules</key>
			<array/>
			<key>dependencies</key>
			<array/>
			<key>isa</key>
			<string>PBXNativeTarget</string>
			<key>name</key>
			<string>JFMatchmaking</string>
			<key>productName</key>
			<string>JFMatchmaking</string>
			<key>productReference</key>
			<string>B8A615761CEB3D2700AA6AB6</string>
			<key>productType</key>
			<string>com.apple.product-type.application</string>
		</dict>
		<key>B8A615761CEB3D2700AA6AB6</key>
		<dict>
			<key>explicitFileType</key>
			<string>wrapper.application</string>
			<key>includeInIndex</key>
			<string>0</string>
			<key>isa</key>
			<string>PBXFileReference</string>
			<key>path</key>
			<string>JFMatchmaking.app</string>
			<key>sourceTree</key>
			<string>BUILT_PRODUCTS_DIR</string>
		</dict>
		<key>B8A615771CEB3D2700AA6AB6</key>
		<dict>
			<key>children</key>
			<array>
				<string>B8A615761CEB3D2700AA6AB6</string>
				<string>B8A615921CEB3D2700AA6AB6</string>
				<string>B8A6159D1CEB3D2700AA6AB6</string>
			</array>
			<key>isa</key>
			<string>PBXGroup</string>
			<key>name</key>
			<string>Products</string>
			<key>sourceTree</key>
			<string>&lt;group&gt;</string>
		</dict>
		<key>B8A615781CEB3D2700AA6AB6</key>
		<dict>
			<key>children</key>
			<array>
				<string>B8A6157C1CEB3D2700AA6AB6</string>
				<string>B8A6157D1CEB3D2700AA6AB6</string>
				<string>B8A6157F1CEB3D2700AA6AB6</string>
				<string>B8A615801CEB3D2700AA6AB6</string>
				<string>B8A615821CEB3D2700AA6AB6</string>
				<string>B8A615881CEB3D2700AA6AB6</string>
				<string>B8A6158A1CEB3D2700AA6AB6</string>
				<string>B8A6158D1CEB3D2700AA6AB6</string>
				<string>B8A615851CEB3D2700AA6AB6</string>
				<string>B8A615791CEB3D2700AA6AB6</string>
			</array>
			<key>isa</key>
			<string>PBXGroup</string>
			<key>path</key>
			<string>JFMatchmaking</string>
			<key>sourceTree</key>
			<string>&lt;group&gt;</string>
		</dict>
		<key>B8A615791CEB3D2700AA6AB6</key>
		<dict>
			<key>children</key>
			<array>
				<string>B8A6157A1CEB3D2700AA6AB6</string>
			</array>
			<key>isa</key>
			<string>PBXGroup</string>
			<key>name</key>
			<string>Supporting Files</string>
			<key>sourceTree</key>
			<string>&lt;group&gt;</string>
		</dict>
		<key>B8A6157A1CEB3D2700AA6AB6</key>
		<dict>
			<key>isa</key>
			<string>PBXFileReference</string>
			<key>lastKnownFileType</key>
			<string>sourcecode.c.objc</string>
			<key>path</key>
			<string>main.m</string>
			<key>sourceTree</key>
			<string>&lt;group&gt;</string>
		</dict>
		<key>B8A6157B1CEB3D2700AA6AB6</key>
		<dict>
			<key>fileRef</key>
			<string>B8A6157A1CEB3D2700AA6AB6</string>
			<key>isa</key>
			<string>PBXBuildFile</string>
		</dict>
		<key>B8A6157C1CEB3D2700AA6AB6</key>
		<dict>
			<key>isa</key>
			<string>PBXFileReference</string>
			<key>lastKnownFileType</key>
			<string>sourcecode.c.h</string>
			<key>path</key>
			<string>AppDelegate.h</string>
			<key>sourceTree</key>
			<string>&lt;group&gt;</string>
		</dict>
		<key>B8A6157D1CEB3D2700AA6AB6</key>
		<dict>
			<key>isa</key>
			<string>PBXFileReference</string>
			<key>lastKnownFileType</key>
			<string>sourcecode.c.objc</string>
			<key>path</key>
			<string>AppDelegate.m</string>
			<key>sourceTree</key>
			<string>&lt;group&gt;</string>
		</dict>
		<key>B8A6157E1CEB3D2700AA6AB6</key>
		<dict>
			<key>fileRef</key>
			<string>B8A6157D1CEB3D2700AA6AB6</string>
			<key>isa</key>
			<string>PBXBuildFile</string>
		</dict>
		<key>B8A6157F1CEB3D2700AA6AB6</key>
		<dict>
			<key>isa</key>
			<string>PBXFileReference</string>
			<key>lastKnownFileType</key>
			<string>sourcecode.c.h</string>
			<key>path</key>
			<string>ViewController.h</string>
			<key>sourceTree</key>
			<string>&lt;group&gt;</string>
		</dict>
		<key>B8A615801CEB3D2700AA6AB6</key>
		<dict>
			<key>isa</key>
			<string>PBXFileReference</string>
			<key>lastKnownFileType</key>
			<string>sourcecode.c.objc</string>
			<key>path</key>
			<string>ViewController.m</string>
			<key>sourceTree</key>
			<string>&lt;group&gt;</string>
		</dict>
		<key>B8A615811CEB3D2700AA6AB6</key>
		<dict>
			<key>fileRef</key>
			<string>B8A615801CEB3D2700AA6AB6</string>
			<key>isa</key>
			<string>PBXBuildFile</string>
		</dict>
		<key>B8A615821CEB3D2700AA6AB6</key>
		<dict>
			<key>children</key>
			<array>
				<string>B8A615831CEB3D2700AA6AB6</string>
			</array>
			<key>isa</key>
			<string>PBXVariantGroup</string>
			<key>name</key>
			<string>Main.storyboard</string>
			<key>sourceTree</key>
			<string>&lt;group&gt;</string>
		</dict>
		<key>B8A615831CEB3D2700AA6AB6</key>
		<dict>
			<key>isa</key>
			<string>PBXFileReference</string>
			<key>lastKnownFileType</key>
			<string>file.storyboard</string>
			<key>name</key>
			<string>Base</string>
			<key>path</key>
			<string>Base.lproj/Main.storyboard</string>
			<key>sourceTree</key>
			<string>&lt;group&gt;</string>
		</dict>
		<key>B8A615841CEB3D2700AA6AB6</key>
		<dict>
			<key>fileRef</key>
			<string>B8A615821CEB3D2700AA6AB6</string>
			<key>isa</key>
			<string>PBXBuildFile</string>
		</dict>
		<key>B8A615851CEB3D2700AA6AB6</key>
		<dict>
			<key>children</key>
			<array>
				<string>B8A615861CEB3D2700AA6AB6</string>
			</array>
			<key>currentVersion</key>
			<string>B8A615861CEB3D2700AA6AB6</string>
			<key>isa</key>
			<string>XCVersionGroup</string>
			<key>path</key>
			<string>JFMatchmaking.xcdatamodeld</string>
			<key>sourceTree</key>
			<string>&lt;group&gt;</string>
			<key>versionGroupType</key>
			<string>wrapper.xcdatamodel</string>
		</dict>
		<key>B8A615861CEB3D2700AA6AB6</key>
		<dict>
			<key>isa</key>
			<string>PBXFileReference</string>
			<key>lastKnownFileType</key>
			<string>wrapper.xcdatamodel</string>
			<key>path</key>
			<string>JFMatchmaking.xcdatamodel</string>
			<key>sourceTree</key>
			<string>&lt;group&gt;</string>
		</dict>
		<key>B8A615871CEB3D2700AA6AB6</key>
		<dict>
			<key>fileRef</key>
			<string>B8A615851CEB3D2700AA6AB6</string>
			<key>isa</key>
			<string>PBXBuildFile</string>
		</dict>
		<key>B8A615881CEB3D2700AA6AB6</key>
		<dict>
			<key>isa</key>
			<string>PBXFileReference</string>
			<key>lastKnownFileType</key>
			<string>folder.assetcatalog</string>
			<key>path</key>
			<string>Assets.xcassets</string>
			<key>sourceTree</key>
			<string>&lt;group&gt;</string>
		</dict>
		<key>B8A615891CEB3D2700AA6AB6</key>
		<dict>
			<key>fileRef</key>
			<string>B8A615881CEB3D2700AA6AB6</string>
			<key>isa</key>
			<string>PBXBuildFile</string>
		</dict>
		<key>B8A6158A1CEB3D2700AA6AB6</key>
		<dict>
			<key>children</key>
			<array>
				<string>B8A6158B1CEB3D2700AA6AB6</string>
			</array>
			<key>isa</key>
			<string>PBXVariantGroup</string>
			<key>name</key>
			<string>LaunchScreen.storyboard</string>
			<key>sourceTree</key>
			<string>&lt;group&gt;</string>
		</dict>
		<key>B8A6158B1CEB3D2700AA6AB6</key>
		<dict>
			<key>isa</key>
			<string>PBXFileReference</string>
			<key>lastKnownFileType</key>
			<string>file.storyboard</string>
			<key>name</key>
			<string>Base</string>
			<key>path</key>
			<string>Base.lproj/LaunchScreen.storyboard</string>
			<key>sourceTree</key>
			<string>&lt;group&gt;</string>
		</dict>
		<key>B8A6158C1CEB3D2700AA6AB6</key>
		<dict>
			<key>fileRef</key>
			<string>B8A6158A1CEB3D2700AA6AB6</string>
			<key>isa</key>
			<string>PBXBuildFile</string>
		</dict>
		<key>B8A6158D1CEB3D2700AA6AB6</key>
		<dict>
			<key>isa</key>
			<string>PBXFileReference</string>
			<key>lastKnownFileType</key>
			<string>text.plist.xml</string>
			<key>path</key>
			<string>Info.plist</string>
			<key>sourceTree</key>
			<string>&lt;group&gt;</string>
		</dict>
		<key>B8A6158E1CEB3D2700AA6AB6</key>
		<dict>
			<key>buildActionMask</key>
			<string>2147483647</string>
			<key>files</key>
			<array>
				<string>B8A615971CEB3D2700AA6AB6</string>
			</array>
			<key>isa</key>
			<string>PBXSourcesBuildPhase</string>
			<key>runOnlyForDeploymentPostprocessing</key>
			<string>0</string>
		</dict>
		<key>B8A6158F1CEB3D2700AA6AB6</key>
		<dict>
			<key>buildActionMask</key>
			<string>2147483647</string>
			<key>files</key>
			<array/>
			<key>isa</key>
			<string>PBXFrameworksBuildPhase</string>
			<key>runOnlyForDeploymentPostprocessing</key>
			<string>0</string>
		</dict>
		<key>B8A615901CEB3D2700AA6AB6</key>
		<dict>
			<key>buildActionMask</key>
			<string>2147483647</string>
			<key>files</key>
			<array/>
			<key>isa</key>
			<string>PBXResourcesBuildPhase</string>
			<key>runOnlyForDeploymentPostprocessing</key>
			<string>0</string>
		</dict>
		<key>B8A615911CEB3D2700AA6AB6</key>
		<dict>
			<key>buildConfigurationList</key>
			<string>B8A615A91CEB3D2700AA6AB6</string>
			<key>buildPhases</key>
			<array>
				<string>B8A6158E1CEB3D2700AA6AB6</string>
				<string>B8A6158F1CEB3D2700AA6AB6</string>
				<string>B8A615901CEB3D2700AA6AB6</string>
			</array>
			<key>buildRules</key>
			<array/>
			<key>dependencies</key>
			<array>
				<string>B8A615941CEB3D2700AA6AB6</string>
			</array>
			<key>isa</key>
			<string>PBXNativeTarget</string>
			<key>name</key>
			<string>JFMatchmakingTests</string>
			<key>productName</key>
			<string>JFMatchmakingTests</string>
			<key>productReference</key>
			<string>B8A615921CEB3D2700AA6AB6</string>
			<key>productType</key>
			<string>com.apple.product-type.bundle.unit-test</string>
		</dict>
		<key>B8A615921CEB3D2700AA6AB6</key>
		<dict>
			<key>explicitFileType</key>
			<string>wrapper.cfbundle</string>
			<key>includeInIndex</key>
			<string>0</string>
			<key>isa</key>
			<string>PBXFileReference</string>
			<key>path</key>
			<string>JFMatchmakingTests.xctest</string>
			<key>sourceTree</key>
			<string>BUILT_PRODUCTS_DIR</string>
		</dict>
		<key>B8A615931CEB3D2700AA6AB6</key>
		<dict>
			<key>containerPortal</key>
			<string>B8A6156E1CEB3D2700AA6AB6</string>
			<key>isa</key>
			<string>PBXContainerItemProxy</string>
			<key>proxyType</key>
			<string>1</string>
			<key>remoteGlobalIDString</key>
			<string>B8A615751CEB3D2700AA6AB6</string>
			<key>remoteInfo</key>
			<string>JFMatchmaking</string>
		</dict>
		<key>B8A615941CEB3D2700AA6AB6</key>
		<dict>
			<key>isa</key>
			<string>PBXTargetDependency</string>
			<key>target</key>
			<string>B8A615751CEB3D2700AA6AB6</string>
			<key>targetProxy</key>
			<string>B8A615931CEB3D2700AA6AB6</string>
		</dict>
		<key>B8A615951CEB3D2700AA6AB6</key>
		<dict>
			<key>children</key>
			<array>
				<string>B8A615961CEB3D2700AA6AB6</string>
				<string>B8A615981CEB3D2700AA6AB6</string>
			</array>
			<key>isa</key>
			<string>PBXGroup</string>
			<key>path</key>
			<string>JFMatchmakingTests</string>
			<key>sourceTree</key>
			<string>&lt;group&gt;</string>
		</dict>
		<key>B8A615961CEB3D2700AA6AB6</key>
		<dict>
			<key>isa</key>
			<string>PBXFileReference</string>
			<key>lastKnownFileType</key>
			<string>sourcecode.c.objc</string>
			<key>path</key>
			<string>JFMatchmakingTests.m</string>
			<key>sourceTree</key>
			<string>&lt;group&gt;</string>
		</dict>
		<key>B8A615971CEB3D2700AA6AB6</key>
		<dict>
			<key>fileRef</key>
			<string>B8A615961CEB3D2700AA6AB6</string>
			<key>isa</key>
			<string>PBXBuildFile</string>
		</dict>
		<key>B8A615981CEB3D2700AA6AB6</key>
		<dict>
			<key>isa</key>
			<string>PBXFileReference</string>
			<key>lastKnownFileType</key>
			<string>text.plist.xml</string>
			<key>path</key>
			<string>Info.plist</string>
			<key>sourceTree</key>
			<string>&lt;group&gt;</string>
		</dict>
		<key>B8A615991CEB3D2700AA6AB6</key>
		<dict>
			<key>buildActionMask</key>
			<string>2147483647</string>
			<key>files</key>
			<array>
				<string>B8A615A21CEB3D2700AA6AB6</string>
			</array>
			<key>isa</key>
			<string>PBXSourcesBuildPhase</string>
			<key>runOnlyForDeploymentPostprocessing</key>
			<string>0</string>
		</dict>
		<key>B8A6159A1CEB3D2700AA6AB6</key>
		<dict>
			<key>buildActionMask</key>
			<string>2147483647</string>
			<key>files</key>
			<array/>
			<key>isa</key>
			<string>PBXFrameworksBuildPhase</string>
			<key>runOnlyForDeploymentPostprocessing</key>
			<string>0</string>
		</dict>
		<key>B8A6159B1CEB3D2700AA6AB6</key>
		<dict>
			<key>buildActionMask</key>
			<string>2147483647</string>
			<key>files</key>
			<array/>
			<key>isa</key>
			<string>PBXResourcesBuildPhase</string>
			<key>runOnlyForDeploymentPostprocessing</key>
			<string>0</string>
		</dict>
		<key>B8A6159C1CEB3D2700AA6AB6</key>
		<dict>
			<key>buildConfigurationList</key>
			<string>B8A615AC1CEB3D2700AA6AB6</string>
			<key>buildPhases</key>
			<array>
				<string>B8A615991CEB3D2700AA6AB6</string>
				<string>B8A6159A1CEB3D2700AA6AB6</string>
				<string>B8A6159B1CEB3D2700AA6AB6</string>
			</array>
			<key>buildRules</key>
			<array/>
			<key>dependencies</key>
			<array>
				<string>B8A6159F1CEB3D2700AA6AB6</string>
			</array>
			<key>isa</key>
			<string>PBXNativeTarget</string>
			<key>name</key>
			<string>JFMatchmakingUITests</string>
			<key>productName</key>
			<string>JFMatchmakingUITests</string>
			<key>productReference</key>
			<string>B8A6159D1CEB3D2700AA6AB6</string>
			<key>productType</key>
			<string>com.apple.product-type.bundle.ui-testing</string>
		</dict>
		<key>B8A6159D1CEB3D2700AA6AB6</key>
		<dict>
			<key>explicitFileType</key>
			<string>wrapper.cfbundle</string>
			<key>includeInIndex</key>
			<string>0</string>
			<key>isa</key>
			<string>PBXFileReference</string>
			<key>path</key>
			<string>JFMatchmakingUITests.xctest</string>
			<key>sourceTree</key>
			<string>BUILT_PRODUCTS_DIR</string>
		</dict>
		<key>B8A6159E1CEB3D2700AA6AB6</key>
		<dict>
			<key>containerPortal</key>
			<string>B8A6156E1CEB3D2700AA6AB6</string>
			<key>isa</key>
			<string>PBXContainerItemProxy</string>
			<key>proxyType</key>
			<string>1</string>
			<key>remoteGlobalIDString</key>
			<string>B8A615751CEB3D2700AA6AB6</string>
			<key>remoteInfo</key>
			<string>JFMatchmaking</string>
		</dict>
		<key>B8A6159F1CEB3D2700AA6AB6</key>
		<dict>
			<key>isa</key>
			<string>PBXTargetDependency</string>
			<key>target</key>
			<string>B8A615751CEB3D2700AA6AB6</string>
			<key>targetProxy</key>
			<string>B8A6159E1CEB3D2700AA6AB6</string>
		</dict>
		<key>B8A615A01CEB3D2700AA6AB6</key>
		<dict>
			<key>children</key>
			<array>
				<string>B8A615A11CEB3D2700AA6AB6</string>
				<string>B8A615A31CEB3D2700AA6AB6</string>
			</array>
			<key>isa</key>
			<string>PBXGroup</string>
			<key>path</key>
			<string>JFMatchmakingUITests</string>
			<key>sourceTree</key>
			<string>&lt;group&gt;</string>
		</dict>
		<key>B8A615A11CEB3D2700AA6AB6</key>
		<dict>
			<key>isa</key>
			<string>PBXFileReference</string>
			<key>lastKnownFileType</key>
			<string>sourcecode.c.objc</string>
			<key>path</key>
			<string>JFMatchmakingUITests.m</string>
			<key>sourceTree</key>
			<string>&lt;group&gt;</string>
		</dict>
		<key>B8A615A21CEB3D2700AA6AB6</key>
		<dict>
			<key>fileRef</key>
			<string>B8A615A11CEB3D2700AA6AB6</string>
			<key>isa</key>
			<string>PBXBuildFile</string>
		</dict>
		<key>B8A615A31CEB3D2700AA6AB6</key>
		<dict>
			<key>isa</key>
			<string>PBXFileReference</string>
			<key>lastKnownFileType</key>
			<string>text.plist.xml</string>
			<key>path</key>
			<string>Info.plist</string>
			<key>sourceTree</key>
			<string>&lt;group&gt;</string>
		</dict>
		<key>B8A615A41CEB3D2700AA6AB6</key>
		<dict>
			<key>buildSettings</key>
			<dict>
				<key>ALWAYS_SEARCH_USER_PATHS</key>
				<string>NO</string>
				<key>CLANG_ANALYZER_NONNULL</key>
				<string>YES</string>
				<key>CLANG_CXX_LANGUAGE_STANDARD</key>
				<string>gnu++0x</string>
				<key>CLANG_CXX_LIBRARY</key>
				<string>libc++</string>
				<key>CLANG_ENABLE_MODULES</key>
				<string>YES</string>
				<key>CLANG_ENABLE_OBJC_ARC</key>
				<string>YES</string>
				<key>CLANG_WARN_BOOL_CONVERSION</key>
				<string>YES</string>
				<key>CLANG_WARN_CONSTANT_CONVERSION</key>
				<string>YES</string>
				<key>CLANG_WARN_DIRECT_OBJC_ISA_USAGE</key>
				<string>YES_ERROR</string>
				<key>CLANG_WARN_EMPTY_BODY</key>
				<string>YES</string>
				<key>CLANG_WARN_ENUM_CONVERSION</key>
				<string>YES</string>
				<key>CLANG_WARN_INT_CONVERSION</key>
				<string>YES</string>
				<key>CLANG_WARN_OBJC_ROOT_CLASS</key>
				<string>YES_ERROR</string>
				<key>CLANG_WARN_UNREACHABLE_CODE</key>
				<string>YES</string>
				<key>CLANG_WARN__DUPLICATE_METHOD_MATCH</key>
				<string>YES</string>
				<key>CODE_SIGN_IDENTITY[sdk=iphoneos*]</key>
				<string>iPhone Developer</string>
				<key>COPY_PHASE_STRIP</key>
				<string>NO</string>
				<key>DEBUG_INFORMATION_FORMAT</key>
				<string>dwarf</string>
				<key>ENABLE_STRICT_OBJC_MSGSEND</key>
				<string>YES</string>
				<key>ENABLE_TESTABILITY</key>
				<string>YES</string>
				<key>GCC_C_LANGUAGE_STANDARD</key>
				<string>gnu99</string>
				<key>GCC_DYNAMIC_NO_PIC</key>
				<string>NO</string>
				<key>GCC_NO_COMMON_BLOCKS</key>
				<string>YES</string>
				<key>GCC_OPTIMIZATION_LEVEL</key>
				<string>0</string>
				<key>GCC_PREPROCESSOR_DEFINITIONS</key>
				<array>
					<string>DEBUG=1</string>
					<string>$(inherited)</string>
				</array>
				<key>GCC_WARN_64_TO_32_BIT_CONVERSION</key>
				<string>YES</string>
				<key>GCC_WARN_ABOUT_RETURN_TYPE</key>
				<string>YES_ERROR</string>
				<key>GCC_WARN_UNDECLARED_SELECTOR</key>
				<string>YES</string>
				<key>GCC_WARN_UNINITIALIZED_AUTOS</key>
				<string>YES_AGGRESSIVE</string>
				<key>GCC_WARN_UNUSED_FUNCTION</key>
				<string>YES</string>
				<key>GCC_WARN_UNUSED_VARIABLE</key>
				<string>YES</string>
				<key>IPHONEOS_DEPLOYMENT_TARGET</key>
				<string>9.3</string>
				<key>MTL_ENABLE_DEBUG_INFO</key>
				<string>YES</string>
				<key>ONLY_ACTIVE_ARCH</key>
				<string>YES</string>
				<key>SDKROOT</key>
				<string>iphoneos</string>
			</dict>
			<key>isa</key>
			<string>XCBuildConfiguration</string>
			<key>name</key>
			<string>Debug</string>
		</dict>
		<key>B8A615A51CEB3D2700AA6AB6</key>
		<dict>
			<key>buildSettings</key>
			<dict>
				<key>ALWAYS_SEARCH_USER_PATHS</key>
				<string>NO</string>
				<key>CLANG_ANALYZER_NONNULL</key>
				<string>YES</string>
				<key>CLANG_CXX_LANGUAGE_STANDARD</key>
				<string>gnu++0x</string>
				<key>CLANG_CXX_LIBRARY</key>
				<string>libc++</string>
				<key>CLANG_ENABLE_MODULES</key>
				<string>YES</string>
				<key>CLANG_ENABLE_OBJC_ARC</key>
				<string>YES</string>
				<key>CLANG_WARN_BOOL_CONVERSION</key>
				<string>YES</string>
				<key>CLANG_WARN_CONSTANT_CONVERSION</key>
				<string>YES</string>
				<key>CLANG_WARN_DIRECT_OBJC_ISA_USAGE</key>
				<string>YES_ERROR</string>
				<key>CLANG_WARN_EMPTY_BODY</key>
				<string>YES</string>
				<key>CLANG_WARN_ENUM_CONVERSION</key>
				<string>YES</string>
				<key>CLANG_WARN_INT_CONVERSION</key>
				<string>YES</string>
				<key>CLANG_WARN_OBJC_ROOT_CLASS</key>
				<string>YES_ERROR</string>
				<key>CLANG_WARN_UNREACHABLE_CODE</key>
				<string>YES</string>
				<key>CLANG_WARN__DUPLICATE_METHOD_MATCH</key>
				<string>YES</string>
				<key>CODE_SIGN_IDENTITY[sdk=iphoneos*]</key>
				<string>iPhone Developer</string>
				<key>COPY_PHASE_STRIP</key>
				<string>NO</string>
				<key>DEBUG_INFORMATION_FORMAT</key>
				<string>dwarf-with-dsym</string>
				<key>ENABLE_NS_ASSERTIONS</key>
				<string>NO</string>
				<key>ENABLE_STRICT_OBJC_MSGSEND</key>
				<string>YES</string>
				<key>GCC_C_LANGUAGE_STANDARD</key>
				<string>gnu99</string>
				<key>GCC_NO_COMMON_BLOCKS</key>
				<string>YES</string>
				<key>GCC_WARN_64_TO_32_BIT_CONVERSION</key>
				<string>YES</string>
				<key>GCC_WARN_ABOUT_RETURN_TYPE</key>
				<string>YES_ERROR</string>
				<key>GCC_WARN_UNDECLARED_SELECTOR</key>
				<string>YES</string>
				<key>GCC_WARN_UNINITIALIZED_AUTOS</key>
				<string>YES_AGGRESSIVE</string>
				<key>GCC_WARN_UNUSED_FUNCTION</key>
				<string>YES</string>
				<key>GCC_WARN_UNUSED_VARIABLE</key>
				<string>YES</string>
				<key>IPHONEOS_DEPLOYMENT_TARGET</key>
				<string>9.3</string>
				<key>MTL_ENABLE_DEBUG_INFO</key>
				<string>NO</string>
				<key>SDKROOT</key>
				<string>iphoneos</string>
				<key>VALIDATE_PRODUCT</key>
				<string>YES</string>
			</dict>
			<key>isa</key>
			<string>XCBuildConfiguration</string>
			<key>name</key>
			<string>Release</string>
		</dict>
		<key>B8A615A61CEB3D2700AA6AB6</key>
		<dict>
			<key>buildConfigurations</key>
			<array>
				<string>B8A615A71CEB3D2700AA6AB6</string>
				<string>B8A615A81CEB3D2700AA6AB6</string>
			</array>
			<key>defaultConfigurationIsVisible</key>
			<string>0</string>
			<key>isa</key>
			<string>XCConfigurationList</string>
		</dict>
		<key>B8A615A71CEB3D2700AA6AB6</key>
		<dict>
			<key>baseConfigurationReference</key>
			<string>42EF440544D838E8C03A6D8E</string>
			<key>buildSettings</key>
			<dict>
				<key>ASSETCATALOG_COMPILER_APPICON_NAME</key>
				<string>AppIcon</string>
				<key>INFOPLIST_FILE</key>
				<string>JFMatchmaking/Info.plist</string>
				<key>LD_RUNPATH_SEARCH_PATHS</key>
				<string>$(inherited) @executable_path/Frameworks</string>
				<key>PRODUCT_BUNDLE_IDENTIFIER</key>
				<string>yf.JFMatchmaking</string>
				<key>PRODUCT_NAME</key>
				<string>$(TARGET_NAME)</string>
			</dict>
			<key>isa</key>
			<string>XCBuildConfiguration</string>
			<key>name</key>
			<string>Debug</string>
		</dict>
		<key>B8A615A81CEB3D2700AA6AB6</key>
		<dict>
			<key>baseConfigurationReference</key>
			<string>934995AE00BDC9693A11886F</string>
			<key>buildSettings</key>
			<dict>
				<key>ASSETCATALOG_COMPILER_APPICON_NAME</key>
				<string>AppIcon</string>
				<key>INFOPLIST_FILE</key>
				<string>JFMatchmaking/Info.plist</string>
				<key>LD_RUNPATH_SEARCH_PATHS</key>
				<string>$(inherited) @executable_path/Frameworks</string>
				<key>PRODUCT_BUNDLE_IDENTIFIER</key>
				<string>yf.JFMatchmaking</string>
				<key>PRODUCT_NAME</key>
				<string>$(TARGET_NAME)</string>
			</dict>
			<key>isa</key>
			<string>XCBuildConfiguration</string>
			<key>name</key>
			<string>Release</string>
		</dict>
		<key>B8A615A91CEB3D2700AA6AB6</key>
		<dict>
			<key>buildConfigurations</key>
			<array>
				<string>B8A615AA1CEB3D2700AA6AB6</string>
				<string>B8A615AB1CEB3D2700AA6AB6</string>
			</array>
			<key>defaultConfigurationIsVisible</key>
			<string>0</string>
			<key>isa</key>
			<string>XCConfigurationList</string>
		</dict>
		<key>B8A615AA1CEB3D2700AA6AB6</key>
		<dict>
			<key>buildSettings</key>
			<dict>
				<key>BUNDLE_LOADER</key>
				<string>$(TEST_HOST)</string>
				<key>INFOPLIST_FILE</key>
				<string>JFMatchmakingTests/Info.plist</string>
				<key>LD_RUNPATH_SEARCH_PATHS</key>
				<string>$(inherited) @executable_path/Frameworks @loader_path/Frameworks</string>
				<key>PRODUCT_BUNDLE_IDENTIFIER</key>
				<string>yf.JFMatchmakingTests</string>
				<key>PRODUCT_NAME</key>
				<string>$(TARGET_NAME)</string>
				<key>TEST_HOST</key>
				<string>$(BUILT_PRODUCTS_DIR)/JFMatchmaking.app/JFMatchmaking</string>
			</dict>
			<key>isa</key>
			<string>XCBuildConfiguration</string>
			<key>name</key>
			<string>Debug</string>
		</dict>
		<key>B8A615AB1CEB3D2700AA6AB6</key>
		<dict>
			<key>buildSettings</key>
			<dict>
				<key>BUNDLE_LOADER</key>
				<string>$(TEST_HOST)</string>
				<key>INFOPLIST_FILE</key>
				<string>JFMatchmakingTests/Info.plist</string>
				<key>LD_RUNPATH_SEARCH_PATHS</key>
				<string>$(inherited) @executable_path/Frameworks @loader_path/Frameworks</string>
				<key>PRODUCT_BUNDLE_IDENTIFIER</key>
				<string>yf.JFMatchmakingTests</string>
				<key>PRODUCT_NAME</key>
				<string>$(TARGET_NAME)</string>
				<key>TEST_HOST</key>
				<string>$(BUILT_PRODUCTS_DIR)/JFMatchmaking.app/JFMatchmaking</string>
			</dict>
			<key>isa</key>
			<string>XCBuildConfiguration</string>
			<key>name</key>
			<string>Release</string>
		</dict>
		<key>B8A615AC1CEB3D2700AA6AB6</key>
		<dict>
			<key>buildConfigurations</key>
			<array>
				<string>B8A615AD1CEB3D2700AA6AB6</string>
				<string>B8A615AE1CEB3D2700AA6AB6</string>
			</array>
			<key>defaultConfigurationIsVisible</key>
			<string>0</string>
			<key>isa</key>
			<string>XCConfigurationList</string>
		</dict>
		<key>B8A615AD1CEB3D2700AA6AB6</key>
		<dict>
			<key>buildSettings</key>
			<dict>
				<key>INFOPLIST_FILE</key>
				<string>JFMatchmakingUITests/Info.plist</string>
				<key>LD_RUNPATH_SEARCH_PATHS</key>
				<string>$(inherited) @executable_path/Frameworks @loader_path/Frameworks</string>
				<key>PRODUCT_BUNDLE_IDENTIFIER</key>
				<string>yf.JFMatchmakingUITests</string>
				<key>PRODUCT_NAME</key>
				<string>$(TARGET_NAME)</string>
				<key>TEST_TARGET_NAME</key>
				<string>JFMatchmaking</string>
			</dict>
			<key>isa</key>
			<string>XCBuildConfiguration</string>
			<key>name</key>
			<string>Debug</string>
		</dict>
		<key>B8A615AE1CEB3D2700AA6AB6</key>
		<dict>
			<key>buildSettings</key>
			<dict>
				<key>INFOPLIST_FILE</key>
				<string>JFMatchmakingUITests/Info.plist</string>
				<key>LD_RUNPATH_SEARCH_PATHS</key>
				<string>$(inherited) @executable_path/Frameworks @loader_path/Frameworks</string>
				<key>PRODUCT_BUNDLE_IDENTIFIER</key>
				<string>yf.JFMatchmakingUITests</string>
				<key>PRODUCT_NAME</key>
				<string>$(TARGET_NAME)</string>
				<key>TEST_TARGET_NAME</key>
				<string>JFMatchmaking</string>
			</dict>
			<key>isa</key>
			<string>XCBuildConfiguration</string>
			<key>name</key>
			<string>Release</string>
		</dict>
		<key>E475EBEBA22A12C84B9C3337</key>
		<dict>
			<key>children</key>
			<array>
				<string>917702E02903E4D28FD22425</string>
			</array>
			<key>isa</key>
			<string>PBXGroup</string>
			<key>name</key>
			<string>Frameworks</string>
			<key>sourceTree</key>
			<string>&lt;group&gt;</string>
		</dict>
		<key>E747CF33EEDDD0BB070F9B38</key>
		<dict>
			<key>children</key>
			<array>
				<string>42EF440544D838E8C03A6D8E</string>
				<string>934995AE00BDC9693A11886F</string>
			</array>
			<key>isa</key>
			<string>PBXGroup</string>
			<key>name</key>
			<string>Pods</string>
			<key>sourceTree</key>
			<string>&lt;group&gt;</string>
		</dict>
	</dict>
	<key>rootObject</key>
	<string>B8A6156E1CEB3D2700AA6AB6</string>
</dict>
</plist>
